
Microsoft Visual Studio Solution File, Format Version 11.00
# Visual Studio 2010
Project("{FAE04EC0-301F-11D3-BF4B-00C04F79EFBC}") = "SOAPServices", "SOAPServices\SOAPServices.csproj", "{D9E65E0F-09AD-437C-BB69-B13DBB2B32EC}"
EndProject
Project("{2150E333-8FDC-42A3-9474-1A3956D46DE8}") = "Librerias", "Librerias", "{6691B0CD-6557-43E7-8FAE-6D0AD3C91706}"
	ProjectSection(SolutionItems) = preProject
		Librerias\Iesi.Collections.dll = Librerias\Iesi.Collections.dll
		Librerias\NHibernate.dll = Librerias\NHibernate.dll
	EndProjectSection
EndProject
Global
	GlobalSection(SolutionConfigurationPlatforms) = preSolution
		Debug|Any CPU = Debug|Any CPU
		Release|Any CPU = Release|Any CPU
	EndGlobalSection
	GlobalSection(ProjectConfigurationPlatforms) = postSolution
		{D9E65E0F-09AD-437C-BB69-B13DBB2B32EC}.Debug|Any CPU.ActiveCfg = Debug|Any CPU
		{D9E65E0F-09AD-437C-BB69-B13DBB2B32EC}.Debug|Any CPU.Build.0 = Debug|Any CPU
		{D9E65E0F-09AD-437C-BB69-B13DBB2B32EC}.Release|Any CPU.ActiveCfg = Release|Any CPU
		{D9E65E0F-09AD-437C-BB69-B13DBB2B32EC}.Release|Any CPU.Build.0 = Release|Any CPU
	EndGlobalSection
	GlobalSection(SolutionProperties) = preSolution
		HideSolutionNode = FALSE
	EndGlobalSection
EndGlobal
